
Microsoft Visual Studio Solution File, Format Version 12.00
# Visual Studio Version 17
VisualStudioVersion = 17.14.36121.58
MinimumVisualStudioVersion = 10.0.40219.1
Project("{FAE04EC0-301F-11D3-BF4B-00C04F79EFBC}") = "ChatApp.Web", "src\ChatApp.Web\ChatApp.Web.csproj", "{65D6D40A-EB9A-41F0-BDE4-23D44C60FAFC}"
EndProject
Project("{2150E333-8FDC-42A3-9474-1A3956D46DE8}") = "src", "src", "{36D591C7-65C7-A0D1-1CBC-10CDE441BDC8}"
EndProject
Project("{FAE04EC0-301F-11D3-BF4B-00C04F79EFBC}") = "ChatApp.Domain", "src\ChatApp.Domain\ChatApp.Domain.csproj", "{466BC974-C4F7-47CA-AE1D-79218A08821E}"
EndProject
Project("{FAE04EC0-301F-11D3-BF4B-00C04F79EFBC}") = "ChatApp.Application", "src\ChatApp.Application\ChatApp.Application.csproj", "{1E6C8546-13CA-4F93-8CF4-8307DB0F7559}"
EndProject
Project("{FAE04EC0-301F-11D3-BF4B-00C04F79EFBC}") = "ChatApp.Infrastructure", "src\ChatApp.Infrastructure\ChatApp.Infrastructure.csproj", "{E775EF5E-1FD8-4848-BF70-ED686B4B5313}"
EndProject
Project("{2150E333-8FDC-42A3-9474-1A3956D46DE8}") = "Элементы решения", "Элементы решения", "{754FC069-D67B-A9D7-50A1-8D1CA196D8F1}"
	ProjectSection(SolutionItems) = preProject
		.github\workflows\deploy.yml = .github\workflows\deploy.yml
		docker-compose.dcproj = docker-compose.dcproj
		docker-compose.override.yml = docker-compose.override.yml
		docker-compose.yml = docker-compose.yml
		Dockerfile = Dockerfile
		README.md = README.md
		test.html = test.html
	EndProjectSection
EndProject
Global
	GlobalSection(SolutionConfigurationPlatforms) = preSolution
		Debug|Any CPU = Debug|Any CPU
		Release|Any CPU = Release|Any CPU
	EndGlobalSection
	GlobalSection(ProjectConfigurationPlatforms) = postSolution
		{65D6D40A-EB9A-41F0-BDE4-23D44C60FAFC}.Debug|Any CPU.ActiveCfg = Debug|Any CPU
		{65D6D40A-EB9A-41F0-BDE4-23D44C60FAFC}.Debug|Any CPU.Build.0 = Debug|Any CPU
		{65D6D40A-EB9A-41F0-BDE4-23D44C60FAFC}.Release|Any CPU.ActiveCfg = Release|Any CPU
		{65D6D40A-EB9A-41F0-BDE4-23D44C60FAFC}.Release|Any CPU.Build.0 = Release|Any CPU
		{466BC974-C4F7-47CA-AE1D-79218A08821E}.Debug|Any CPU.ActiveCfg = Debug|Any CPU
		{466BC974-C4F7-47CA-AE1D-79218A08821E}.Debug|Any CPU.Build.0 = Debug|Any CPU
		{466BC974-C4F7-47CA-AE1D-79218A08821E}.Release|Any CPU.ActiveCfg = Release|Any CPU
		{466BC974-C4F7-47CA-AE1D-79218A08821E}.Release|Any CPU.Build.0 = Release|Any CPU
		{1E6C8546-13CA-4F93-8CF4-8307DB0F7559}.Debug|Any CPU.ActiveCfg = Debug|Any CPU
		{1E6C8546-13CA-4F93-8CF4-8307DB0F7559}.Debug|Any CPU.Build.0 = Debug|Any CPU
		{1E6C8546-13CA-4F93-8CF4-8307DB0F7559}.Release|Any CPU.ActiveCfg = Release|Any CPU
		{1E6C8546-13CA-4F93-8CF4-8307DB0F7559}.Release|Any CPU.Build.0 = Release|Any CPU
		{E775EF5E-1FD8-4848-BF70-ED686B4B5313}.Debug|Any CPU.ActiveCfg = Debug|Any CPU
		{E775EF5E-1FD8-4848-BF70-ED686B4B5313}.Debug|Any CPU.Build.0 = Debug|Any CPU
		{E775EF5E-1FD8-4848-BF70-ED686B4B5313}.Release|Any CPU.ActiveCfg = Release|Any CPU
		{E775EF5E-1FD8-4848-BF70-ED686B4B5313}.Release|Any CPU.Build.0 = Release|Any CPU
	EndGlobalSection
	GlobalSection(SolutionProperties) = preSolution
		HideSolutionNode = FALSE
	EndGlobalSection
	GlobalSection(NestedProjects) = preSolution
		{65D6D40A-EB9A-41F0-BDE4-23D44C60FAFC} = {36D591C7-65C7-A0D1-1CBC-10CDE441BDC8}
		{466BC974-C4F7-47CA-AE1D-79218A08821E} = {36D591C7-65C7-A0D1-1CBC-10CDE441BDC8}
		{1E6C8546-13CA-4F93-8CF4-8307DB0F7559} = {36D591C7-65C7-A0D1-1CBC-10CDE441BDC8}
		{E775EF5E-1FD8-4848-BF70-ED686B4B5313} = {36D591C7-65C7-A0D1-1CBC-10CDE441BDC8}
	EndGlobalSection
	GlobalSection(ExtensibilityGlobals) = postSolution
		SolutionGuid = {8A571DB7-AE76-4074-ADFD-F3FE5E1DDC41}
	EndGlobalSection
EndGlobal
